
Microsoft Visual Studio Solution File, Format Version 12.00
# Visual Studio Version 17
VisualStudioVersion = 17.1.32407.343
MinimumVisualStudioVersion = 10.0.40219.1
Project("{FAE04EC0-301F-11D3-BF4B-00C04F79EFBC}") = "ExcelTestCSharp", "ExcelTestCSharp\ExcelTestCSharp.csproj", "{65B0D384-74D8-441C-94A2-9EA0253425D2}"
EndProject
Global
	GlobalSection(SolutionConfigurationPlatforms) = preSolution
		Debug|Any CPU = Debug|Any CPU
		Release|Any CPU = Release|Any CPU
	EndGlobalSection
	GlobalSection(ProjectConfigurationPlatforms) = postSolution
		{65B0D384-74D8-441C-94A2-9EA0253425D2}.Debug|Any CPU.ActiveCfg = Debug|Any CPU
		{65B0D384-74D8-441C-94A2-9EA0253425D2}.Debug|Any CPU.Build.0 = Debug|Any CPU
		{65B0D384-74D8-441C-94A2-9EA0253425D2}.Release|Any CPU.ActiveCfg = Release|Any CPU
		{65B0D384-74D8-441C-94A2-9EA0253425D2}.Release|Any CPU.Build.0 = Release|Any CPU
	EndGlobalSection
	GlobalSection(SolutionProperties) = preSolution
		HideSolutionNode = FALSE
	EndGlobalSection
	GlobalSection(ExtensibilityGlobals) = postSolution
		SolutionGuid = {B92BA13F-513F-454E-88CA-7129F5492732}
	EndGlobalSection
EndGlobal
